
Microsoft Visual Studio Solution File, Format Version 12.00
# Visual Studio Version 17
VisualStudioVersion = 17.5.002.0
MinimumVisualStudioVersion = 10.0.40219.1
Project("{9A19103F-16F7-4668-BE54-9A1E7A4F7556}") = "AggregateAndMicroService", "AggregateAndMicroService.csproj", "{8706C718-8279-4025-8733-1B543682C8BA}"
EndProject
Project("{FAE04EC0-301F-11D3-BF4B-00C04F79EFBC}") = "KafkaConsumer", "..\KafkaConsumer\KafkaConsumer.csproj", "{F5A03FB1-38D4-4A75-9A7F-6617A25259F6}"
EndProject
Global
	GlobalSection(SolutionConfigurationPlatforms) = preSolution
		Debug|Any CPU = Debug|Any CPU
		Release|Any CPU = Release|Any CPU
	EndGlobalSection
	GlobalSection(ProjectConfigurationPlatforms) = postSolution
		{8706C718-8279-4025-8733-1B543682C8BA}.Debug|Any CPU.ActiveCfg = Debug|Any CPU
		{8706C718-8279-4025-8733-1B543682C8BA}.Debug|Any CPU.Build.0 = Debug|Any CPU
		{8706C718-8279-4025-8733-1B543682C8BA}.Release|Any CPU.ActiveCfg = Release|Any CPU
		{8706C718-8279-4025-8733-1B543682C8BA}.Release|Any CPU.Build.0 = Release|Any CPU
		{F5A03FB1-38D4-4A75-9A7F-6617A25259F6}.Debug|Any CPU.ActiveCfg = Debug|Any CPU
		{F5A03FB1-38D4-4A75-9A7F-6617A25259F6}.Debug|Any CPU.Build.0 = Debug|Any CPU
		{F5A03FB1-38D4-4A75-9A7F-6617A25259F6}.Release|Any CPU.ActiveCfg = Release|Any CPU
		{F5A03FB1-38D4-4A75-9A7F-6617A25259F6}.Release|Any CPU.Build.0 = Release|Any CPU
	EndGlobalSection
	GlobalSection(SolutionProperties) = preSolution
		HideSolutionNode = FALSE
	EndGlobalSection
	GlobalSection(ExtensibilityGlobals) = postSolution
		SolutionGuid = {B8686C06-B0DF-4C97-9F54-E9CB50F63FFD}
	EndGlobalSection
EndGlobal
